
Microsoft Visual Studio Solution File, Format Version 12.00
# Visual Studio Version 16
VisualStudioVersion = 16.0.29326.143
MinimumVisualStudioVersion = 10.0.40219.1
Project("{9A19103F-16F7-4668-BE54-9A1E7A4F7556}") = "XXX.api", "XXX.api\XXX.api.csproj", "{0769A6C5-7CF6-4687-A6E2-8B8A087C1137}"
EndProject
Project("{FAE04EC0-301F-11D3-BF4B-00C04F79EFBC}") = "XXX.Models", "XXX.Models\XXX.Models.csproj", "{844675B0-6327-4C64-B4AF-BD3AF75B4CCF}"
EndProject
Project("{FAE04EC0-301F-11D3-BF4B-00C04F79EFBC}") = "XXX.Bo", "XXX.Bo\XXX.Bo.csproj", "{A285BD64-51EC-411C-A1E7-B15C6F483C82}"
EndProject
Project("{FAE04EC0-301F-11D3-BF4B-00C04F79EFBC}") = "XXX.Common", "XXX.Common\XXX.Common.csproj", "{27C20C66-77C7-4209-918E-40126D77B388}"
EndProject
Global
	GlobalSection(SolutionConfigurationPlatforms) = preSolution
		Debug|Any CPU = Debug|Any CPU
		Release|Any CPU = Release|Any CPU
	EndGlobalSection
	GlobalSection(ProjectConfigurationPlatforms) = postSolution
		{0769A6C5-7CF6-4687-A6E2-8B8A087C1137}.Debug|Any CPU.ActiveCfg = Debug|Any CPU
		{0769A6C5-7CF6-4687-A6E2-8B8A087C1137}.Debug|Any CPU.Build.0 = Debug|Any CPU
		{0769A6C5-7CF6-4687-A6E2-8B8A087C1137}.Release|Any CPU.ActiveCfg = Release|Any CPU
		{0769A6C5-7CF6-4687-A6E2-8B8A087C1137}.Release|Any CPU.Build.0 = Release|Any CPU
		{844675B0-6327-4C64-B4AF-BD3AF75B4CCF}.Debug|Any CPU.ActiveCfg = Debug|Any CPU
		{844675B0-6327-4C64-B4AF-BD3AF75B4CCF}.Debug|Any CPU.Build.0 = Debug|Any CPU
		{844675B0-6327-4C64-B4AF-BD3AF75B4CCF}.Release|Any CPU.ActiveCfg = Release|Any CPU
		{844675B0-6327-4C64-B4AF-BD3AF75B4CCF}.Release|Any CPU.Build.0 = Release|Any CPU
		{A285BD64-51EC-411C-A1E7-B15C6F483C82}.Debug|Any CPU.ActiveCfg = Debug|Any CPU
		{A285BD64-51EC-411C-A1E7-B15C6F483C82}.Debug|Any CPU.Build.0 = Debug|Any CPU
		{A285BD64-51EC-411C-A1E7-B15C6F483C82}.Release|Any CPU.ActiveCfg = Release|Any CPU
		{A285BD64-51EC-411C-A1E7-B15C6F483C82}.Release|Any CPU.Build.0 = Release|Any CPU
		{27C20C66-77C7-4209-918E-40126D77B388}.Debug|Any CPU.ActiveCfg = Debug|Any CPU
		{27C20C66-77C7-4209-918E-40126D77B388}.Debug|Any CPU.Build.0 = Debug|Any CPU
		{27C20C66-77C7-4209-918E-40126D77B388}.Release|Any CPU.ActiveCfg = Release|Any CPU
		{27C20C66-77C7-4209-918E-40126D77B388}.Release|Any CPU.Build.0 = Release|Any CPU
	EndGlobalSection
	GlobalSection(SolutionProperties) = preSolution
		HideSolutionNode = FALSE
	EndGlobalSection
	GlobalSection(ExtensibilityGlobals) = postSolution
		SolutionGuid = {F8E70607-71A9-477E-A71C-C171DCA7DB3C}
	EndGlobalSection
EndGlobal
